// !$*UTF8*$!
{
	archiveVersion = 1;
	classes = {
	};
	objectVersion = 46;
	objects = {

/* Begin PBXBuildFile section */
		ED5620221CFEB2C900379B2C /* main.cpp in Sources */ = {isa = PBXBuildFile; fileRef = ED5620211CFEB2C900379B2C /* main.cpp */; };
		ED56202B1CFECCB300379B2C /* virtualDestructor.cpp in Sources */ = {isa = PBXBuildFile; fileRef = ED5620291CFECCB300379B2C /* virtualDestructor.cpp */; };
		ED56202E1CFECD2200379B2C /* deriveClass.cpp in Sources */ = {isa = PBXBuildFile; fileRef = ED56202C1CFECD2200379B2C /* deriveClass.cpp */; };
/* End PBXBuildFile section */

/* Begin PBXCopyFilesBuildPhase section */
		ED56201C1CFEB2C900379B2C /* CopyFiles */ = {
			isa = PBXCopyFilesBuildPhase;
			buildActionMask = 2147483647;
			dstPath = /usr/share/man/man1/;
			dstSubfolderSpec = 0;
			files = (
			);
			runOnlyForDeploymentPostprocessing = 1;
		};
/* End PBXCopyFilesBuildPhase section */

/* Begin PBXFileReference section */
		ED56201E1CFEB2C900379B2C /* jun1st */ = {isa = PBXFileReference; explicitFileType = "compiled.mach-o.executable"; includeInIndex = 0; path = jun1st; sourceTree = BUILT_PRODUCTS_DIR; };
		ED5620211CFEB2C900379B2C /* main.cpp */ = {isa = PBXFileReference; lastKnownFileType = sourcecode.cpp.cpp; path = main.cpp; sourceTree = "<group>"; };
		ED5620281CFEBF3E00379B2C /* Readme.h */ = {isa = PBXFileReference; lastKnownFileType = sourcecode.c.h; name = Readme.h; path = jun1st/Readme.h; sourceTree = "<group>"; };
		ED5620291CFECCB300379B2C /* virtualDestructor.cpp */ = {isa = PBXFileReference; fileEncoding = 4; lastKnownFileType = sourcecode.cpp.cpp; path = virtualDestructor.cpp; sourceTree = "<group>"; };
		ED56202A1CFECCB300379B2C /* virtualDestructor.h */ = {isa = PBXFileReference; fileEncoding = 4; lastKnownFileType = sourcecode.c.h; path = virtualDestructor.h; sourceTree = "<group>"; };
		ED56202C1CFECD2200379B2C /* deriveClass.cpp */ = {isa = PBXFileReference; fileEncoding = 4; lastKnownFileType = sourcecode.cpp.cpp; path = deriveClass.cpp; sourceTree = "<group>"; };
		ED56202D1CFECD2200379B2C /* deriveClass.h */ = {isa = PBXFileReference; fileEncoding = 4; lastKnownFileType = sourcecode.c.h; path = deriveClass.h; sourceTree = "<group>"; };
/* End PBXFileReference section */

/* Begin PBXFrameworksBuildPhase section */
		ED56201B1CFEB2C900379B2C /* Frameworks */ = {
			isa = PBXFrameworksBuildPhase;
			buildActionMask = 2147483647;
			files = (
			);
			runOnlyForDeploymentPostprocessing = 0;
		};
/* End PBXFrameworksBuildPhase section */

/* Begin PBXGroup section */
		ED5620151CFEB2C900379B2C = {
			isa = PBXGroup;
			children = (
				ED5620281CFEBF3E00379B2C /* Readme.h */,
				ED5620201CFEB2C900379B2C /* jun1st */,
				ED56201F1CFEB2C900379B2C /* Products */,
			);
			sourceTree = "<group>";
		};
		ED56201F1CFEB2C900379B2C /* Products */ = {
			isa = PBXGroup;
			children = (
				ED56201E1CFEB2C900379B2C /* jun1st */,
			);
			name = Products;
			sourceTree = "<group>";
		};
		ED5620201CFEB2C900379B2C /* jun1st */ = {
			isa = PBXGroup;
			children = (
				ED5620211CFEB2C900379B2C /* main.cpp */,
				ED56202D1CFECD2200379B2C /* deriveClass.h */,
				ED56202C1CFECD2200379B2C /* deriveClass.cpp */,
				ED56202A1CFECCB300379B2C /* virtualDestructor.h */,
				ED5620291CFECCB300379B2C /* virtualDestructor.cpp */,
			);
			path = jun1st;
			sourceTree = "<group>";
		};
/* End PBXGroup section */

/* Begin PBXNativeTarget section */
		ED56201D1CFEB2C900379B2C /* jun1st */ = {
			isa = PBXNativeTarget;
			buildConfigurationList = ED5620251CFEB2C900379B2C /* Build configuration list for PBXNativeTarget "jun1st" */;
			buildPhases = (
				ED56201A1CFEB2C900379B2C /* Sources */,
				ED56201B1CFEB2C900379B2C /* Frameworks */,
				ED56201C1CFEB2C900379B2C /* CopyFiles */,
			);
			buildRules = (
			);
			dependencies = (
			);
			name = jun1st;
			productName = jun1st;
			productReference = ED56201E1CFEB2C900379B2C /* jun1st */;
			productType = "com.apple.product-type.tool";
		};
/* End PBXNativeTarget section */

/* Begin PBXProject section */
		ED5620161CFEB2C900379B2C /* Project object */ = {
			isa = PBXProject;
			attributes = {
				LastUpgradeCheck = 0710;
				ORGANIZATIONNAME = "陈俊达";
				TargetAttributes = {
					ED56201D1CFEB2C900379B2C = {
						CreatedOnToolsVersion = 7.1.1;
					};
				};
			};
			buildConfigurationList = ED5620191CFEB2C900379B2C /* Build configuration list for PBXProject "jun1st" */;
			compatibilityVersion = "Xcode 3.2";
			developmentRegion = English;
			hasScannedForEncodings = 0;
			knownRegions = (
				en,
			);
			mainGroup = ED5620151CFEB2C900379B2C;
			productRefGroup = ED56201F1CFEB2C900379B2C /* Products */;
			projectDirPath = "";
			projectRoot = "";
			targets = (
				ED56201D1CFEB2C900379B2C /* jun1st */,
			);
		};
/* End PBXProject section */

/* Begin PBXSourcesBuildPhase section */
		ED56201A1CFEB2C900379B2C /* Sources */ = {
			isa = PBXSourcesBuildPhase;
			buildActionMask = 2147483647;
			files = (
				ED56202E1CFECD2200379B2C /* deriveClass.cpp in Sources */,
				ED56202B1CFECCB300379B2C /* virtualDestructor.cpp in Sources */,
				ED5620221CFEB2C900379B2C /* main.cpp in Sources */,
			);
			runOnlyForDeploymentPostprocessing = 0;
		};
/* End PBXSourcesBuildPhase section */

/* Begin XCBuildConfiguration section */
		ED5620231CFEB2C900379B2C /* Debug */ = {
			isa = XCBuildConfiguration;
			buildSettings = {
				ALWAYS_SEARCH_USER_PATHS = NO;
				CLANG_CXX_LANGUAGE_STANDARD = "gnu++0x";
				CLANG_CXX_LIBRARY = "libc++";
				CLANG_ENABLE_MODULES = YES;
				CLANG_ENABLE_OBJC_ARC = YES;
				CLANG_WARN_BOOL_CONVERSION = YES;
				CLANG_WARN_CONSTANT_CONVERSION = YES;
				CLANG_WARN_DIRECT_OBJC_ISA_USAGE = YES_ERROR;
				CLANG_WARN_EMPTY_BODY = YES;
				CLANG_WARN_ENUM_CONVERSION = YES;
				CLANG_WARN_INT_CONVERSION = YES;
				CLANG_WARN_OBJC_ROOT_CLASS = YES_ERROR;
				CLANG_WARN_UNREACHABLE_CODE = YES;
				CLANG_WARN__DUPLICATE_METHOD_MATCH = YES;
				CODE_SIGN_IDENTITY = "-";
				COPY_PHASE_STRIP = NO;
				DEBUG_INFORMATION_FORMAT = dwarf;
				ENABLE_STRICT_OBJC_MSGSEND = YES;
				ENABLE_TESTABILITY = YES;
				GCC_C_LANGUAGE_STANDARD = gnu99;
				GCC_DYNAMIC_NO_PIC = NO;
				GCC_NO_COMMON_BLOCKS = YES;
				GCC_OPTIMIZATION_LEVEL = 0;
				GCC_PREPROCESSOR_DEFINITIONS = (
					"DEBUG=1",
					"$(inherited)",
				);
				GCC_WARN_64_TO_32_BIT_CONVERSION = YES;
				GCC_WARN_ABOUT_RETURN_TYPE = YES_ERROR;
				GCC_WARN_UNDECLARED_SELECTOR = YES;
				GCC_WARN_UNINITIALIZED_AUTOS = YES_AGGRESSIVE;
				GCC_WARN_UNUSED_FUNCTION = YES;
				GCC_WARN_UNUSED_VARIABLE = YES;
				MACOSX_DEPLOYMENT_TARGET = 10.10;
				MTL_ENABLE_DEBUG_INFO = YES;
				ONLY_ACTIVE_ARCH = YES;
				SDKROOT = macosx;
			};
			name = Debug;
		};
		ED5620241CFEB2C900379B2C /* Release */ = {
			isa = XCBuildConfiguration;
			buildSettings = {
				ALWAYS_SEARCH_USER_PATHS = NO;
				CLANG_CXX_LANGUAGE_STANDARD = "gnu++0x";
				CLANG_CXX_LIBRARY = "libc++";
				CLANG_ENABLE_MODULES = YES;
				CLANG_ENABLE_OBJC_ARC = YES;
				CLANG_WARN_BOOL_CONVERSION = YES;
				CLANG_WARN_CONSTANT_CONVERSION = YES;
				CLANG_WARN_DIRECT_OBJC_ISA_USAGE = YES_ERROR;
				CLANG_WARN_EMPTY_BODY = YES;
				CLANG_WARN_ENUM_CONVERSION = YES;
				CLANG_WARN_INT_CONVERSION = YES;
				CLANG_WARN_OBJC_ROOT_CLASS = YES_ERROR;
				CLANG_WARN_UNREACHABLE_CODE = YES;
				CLANG_WARN__DUPLICATE_METHOD_MATCH = YES;
				CODE_SIGN_IDENTITY = "-";
				COPY_PHASE_STRIP = NO;
				DEBUG_INFORMATION_FORMAT = "dwarf-with-dsym";
				ENABLE_NS_ASSERTIONS = NO;
				ENABLE_STRICT_OBJC_MSGSEND = YES;
				GCC_C_LANGUAGE_STANDARD = gnu99;
				GCC_NO_COMMON_BLOCKS = YES;
				GCC_WARN_64_TO_32_BIT_CONVERSION = YES;
				GCC_WARN_ABOUT_RETURN_TYPE = YES_ERROR;
				GCC_WARN_UNDECLARED_SELECTOR = YES;
				GCC_WARN_UNINITIALIZED_AUTOS = YES_AGGRESSIVE;
				GCC_WARN_UNUSED_FUNCTION = YES;
				GCC_WARN_UNUSED_VARIABLE = YES;
				MACOSX_DEPLOYMENT_TARGET = 10.10;
				MTL_ENABLE_DEBUG_INFO = NO;
				SDKROOT = macosx;
			};
			name = Release;
		};
		ED5620261CFEB2C900379B2C /* Debug */ = {
			isa = XCBuildConfiguration;
			buildSettings = {
				PRODUCT_NAME = "$(TARGET_NAME)";
			};
			name = Debug;
		};
		ED5620271CFEB2C900379B2C /* Release */ = {
			isa = XCBuildConfiguration;
			buildSettings = {
				PRODUCT_NAME = "$(TARGET_NAME)";
			};
			name = Release;
		};
/* End XCBuildConfiguration section */

/* Begin XCConfigurationList section */
		ED5620191CFEB2C900379B2C /* Build configuration list for PBXProject "jun1st" */ = {
			isa = XCConfigurationList;
			buildConfigurations = (
				ED5620231CFEB2C900379B2C /* Debug */,
				ED5620241CFEB2C900379B2C /* Release */,
			);
			defaultConfigurationIsVisible = 0;
			defaultConfigurationName = Release;
		};
		ED5620251CFEB2C900379B2C /* Build configuration list for PBXNativeTarget "jun1st" */ = {
			isa = XCConfigurationList;
			buildConfigurations = (
				ED5620261CFEB2C900379B2C /* Debug */,
				ED5620271CFEB2C900379B2C /* Release */,
			);
			defaultConfigurationIsVisible = 0;
			defaultConfigurationName = Release;
		};
/* End XCConfigurationList section */
	};
	rootObject = ED5620161CFEB2C900379B2C /* Project object */;
}
