// !$*UTF8*$!
{
	archiveVersion = 1;
	classes = {
	};
	objectVersion = 46;
	objects = {

/* Begin PBXBuildFile section */
		EDD8070E1C8FF60100B1CA66 /* main.cpp in Sources */ = {isa = PBXBuildFile; fileRef = EDD8070D1C8FF60100B1CA66 /* main.cpp */; };
		EDD807161C8FF8A200B1CA66 /* extracalibar.cpp in Sources */ = {isa = PBXBuildFile; fileRef = EDD807141C8FF8A200B1CA66 /* extracalibar.cpp */; };
/* End PBXBuildFile section */

/* Begin PBXCopyFilesBuildPhase section */
		EDD807081C8FF60100B1CA66 /* CopyFiles */ = {
			isa = PBXCopyFilesBuildPhase;
			buildActionMask = 2147483647;
			dstPath = /usr/share/man/man1/;
			dstSubfolderSpec = 0;
			files = (
			);
			runOnlyForDeploymentPostprocessing = 1;
		};
/* End PBXCopyFilesBuildPhase section */

/* Begin PBXFileReference section */
		EDD8070A1C8FF60100B1CA66 /* march9 */ = {isa = PBXFileReference; explicitFileType = "compiled.mach-o.executable"; includeInIndex = 0; path = march9; sourceTree = BUILT_PRODUCTS_DIR; };
		EDD8070D1C8FF60100B1CA66 /* main.cpp */ = {isa = PBXFileReference; lastKnownFileType = sourcecode.cpp.cpp; path = main.cpp; sourceTree = "<group>"; };
		EDD807141C8FF8A200B1CA66 /* extracalibar.cpp */ = {isa = PBXFileReference; fileEncoding = 4; lastKnownFileType = sourcecode.cpp.cpp; path = extracalibar.cpp; sourceTree = "<group>"; };
		EDD807151C8FF8A200B1CA66 /* extracalibar.hpp */ = {isa = PBXFileReference; fileEncoding = 4; lastKnownFileType = sourcecode.cpp.h; path = extracalibar.hpp; sourceTree = "<group>"; };
/* End PBXFileReference section */

/* Begin PBXFrameworksBuildPhase section */
		EDD807071C8FF60100B1CA66 /* Frameworks */ = {
			isa = PBXFrameworksBuildPhase;
			buildActionMask = 2147483647;
			files = (
			);
			runOnlyForDeploymentPostprocessing = 0;
		};
/* End PBXFrameworksBuildPhase section */

/* Begin PBXGroup section */
		EDD807011C8FF60100B1CA66 = {
			isa = PBXGroup;
			children = (
				EDD8070C1C8FF60100B1CA66 /* march9 */,
				EDD8070B1C8FF60100B1CA66 /* Products */,
			);
			sourceTree = "<group>";
		};
		EDD8070B1C8FF60100B1CA66 /* Products */ = {
			isa = PBXGroup;
			children = (
				EDD8070A1C8FF60100B1CA66 /* march9 */,
			);
			name = Products;
			sourceTree = "<group>";
		};
		EDD8070C1C8FF60100B1CA66 /* march9 */ = {
			isa = PBXGroup;
			children = (
				EDD8070D1C8FF60100B1CA66 /* main.cpp */,
				EDD807141C8FF8A200B1CA66 /* extracalibar.cpp */,
				EDD807151C8FF8A200B1CA66 /* extracalibar.hpp */,
			);
			path = march9;
			sourceTree = "<group>";
		};
/* End PBXGroup section */

/* Begin PBXNativeTarget section */
		EDD807091C8FF60100B1CA66 /* march9 */ = {
			isa = PBXNativeTarget;
			buildConfigurationList = EDD807111C8FF60100B1CA66 /* Build configuration list for PBXNativeTarget "march9" */;
			buildPhases = (
				EDD807061C8FF60100B1CA66 /* Sources */,
				EDD807071C8FF60100B1CA66 /* Frameworks */,
				EDD807081C8FF60100B1CA66 /* CopyFiles */,
			);
			buildRules = (
			);
			dependencies = (
			);
			name = march9;
			productName = march9;
			productReference = EDD8070A1C8FF60100B1CA66 /* march9 */;
			productType = "com.apple.product-type.tool";
		};
/* End PBXNativeTarget section */

/* Begin PBXProject section */
		EDD807021C8FF60100B1CA66 /* Project object */ = {
			isa = PBXProject;
			attributes = {
				LastUpgradeCheck = 0710;
				ORGANIZATIONNAME = "陈 俊达";
				TargetAttributes = {
					EDD807091C8FF60100B1CA66 = {
						CreatedOnToolsVersion = 7.1.1;
					};
				};
			};
			buildConfigurationList = EDD807051C8FF60100B1CA66 /* Build configuration list for PBXProject "march9" */;
			compatibilityVersion = "Xcode 3.2";
			developmentRegion = English;
			hasScannedForEncodings = 0;
			knownRegions = (
				en,
			);
			mainGroup = EDD807011C8FF60100B1CA66;
			productRefGroup = EDD8070B1C8FF60100B1CA66 /* Products */;
			projectDirPath = "";
			projectRoot = "";
			targets = (
				EDD807091C8FF60100B1CA66 /* march9 */,
			);
		};
/* End PBXProject section */

/* Begin PBXSourcesBuildPhase section */
		EDD807061C8FF60100B1CA66 /* Sources */ = {
			isa = PBXSourcesBuildPhase;
			buildActionMask = 2147483647;
			files = (
				EDD8070E1C8FF60100B1CA66 /* main.cpp in Sources */,
				EDD807161C8FF8A200B1CA66 /* extracalibar.cpp in Sources */,
			);
			runOnlyForDeploymentPostprocessing = 0;
		};
/* End PBXSourcesBuildPhase section */

/* Begin XCBuildConfiguration section */
		EDD8070F1C8FF60100B1CA66 /* Debug */ = {
			isa = XCBuildConfiguration;
			buildSettings = {
				ALWAYS_SEARCH_USER_PATHS = NO;
				CLANG_CXX_LANGUAGE_STANDARD = "gnu++0x";
				CLANG_CXX_LIBRARY = "libc++";
				CLANG_ENABLE_MODULES = YES;
				CLANG_ENABLE_OBJC_ARC = YES;
				CLANG_WARN_BOOL_CONVERSION = YES;
				CLANG_WARN_CONSTANT_CONVERSION = YES;
				CLANG_WARN_DIRECT_OBJC_ISA_USAGE = YES_ERROR;
				CLANG_WARN_EMPTY_BODY = YES;
				CLANG_WARN_ENUM_CONVERSION = YES;
				CLANG_WARN_INT_CONVERSION = YES;
				CLANG_WARN_OBJC_ROOT_CLASS = YES_ERROR;
				CLANG_WARN_UNREACHABLE_CODE = YES;
				CLANG_WARN__DUPLICATE_METHOD_MATCH = YES;
				CODE_SIGN_IDENTITY = "-";
				COPY_PHASE_STRIP = NO;
				DEBUG_INFORMATION_FORMAT = dwarf;
				ENABLE_STRICT_OBJC_MSGSEND = YES;
				ENABLE_TESTABILITY = YES;
				GCC_C_LANGUAGE_STANDARD = gnu99;
				GCC_DYNAMIC_NO_PIC = NO;
				GCC_NO_COMMON_BLOCKS = YES;
				GCC_OPTIMIZATION_LEVEL = 0;
				GCC_PREPROCESSOR_DEFINITIONS = (
					"DEBUG=1",
					"$(inherited)",
				);
				GCC_WARN_64_TO_32_BIT_CONVERSION = YES;
				GCC_WARN_ABOUT_RETURN_TYPE = YES_ERROR;
				GCC_WARN_UNDECLARED_SELECTOR = YES;
				GCC_WARN_UNINITIALIZED_AUTOS = YES_AGGRESSIVE;
				GCC_WARN_UNUSED_FUNCTION = YES;
				GCC_WARN_UNUSED_VARIABLE = YES;
				MACOSX_DEPLOYMENT_TARGET = 10.10;
				MTL_ENABLE_DEBUG_INFO = YES;
				ONLY_ACTIVE_ARCH = YES;
				SDKROOT = macosx;
			};
			name = Debug;
		};
		EDD807101C8FF60100B1CA66 /* Release */ = {
			isa = XCBuildConfiguration;
			buildSettings = {
				ALWAYS_SEARCH_USER_PATHS = NO;
				CLANG_CXX_LANGUAGE_STANDARD = "gnu++0x";
				CLANG_CXX_LIBRARY = "libc++";
				CLANG_ENABLE_MODULES = YES;
				CLANG_ENABLE_OBJC_ARC = YES;
				CLANG_WARN_BOOL_CONVERSION = YES;
				CLANG_WARN_CONSTANT_CONVERSION = YES;
				CLANG_WARN_DIRECT_OBJC_ISA_USAGE = YES_ERROR;
				CLANG_WARN_EMPTY_BODY = YES;
				CLANG_WARN_ENUM_CONVERSION = YES;
				CLANG_WARN_INT_CONVERSION = YES;
				CLANG_WARN_OBJC_ROOT_CLASS = YES_ERROR;
				CLANG_WARN_UNREACHABLE_CODE = YES;
				CLANG_WARN__DUPLICATE_METHOD_MATCH = YES;
				CODE_SIGN_IDENTITY = "-";
				COPY_PHASE_STRIP = NO;
				DEBUG_INFORMATION_FORMAT = "dwarf-with-dsym";
				ENABLE_NS_ASSERTIONS = NO;
				ENABLE_STRICT_OBJC_MSGSEND = YES;
				GCC_C_LANGUAGE_STANDARD = gnu99;
				GCC_NO_COMMON_BLOCKS = YES;
				GCC_WARN_64_TO_32_BIT_CONVERSION = YES;
				GCC_WARN_ABOUT_RETURN_TYPE = YES_ERROR;
				GCC_WARN_UNDECLARED_SELECTOR = YES;
				GCC_WARN_UNINITIALIZED_AUTOS = YES_AGGRESSIVE;
				GCC_WARN_UNUSED_FUNCTION = YES;
				GCC_WARN_UNUSED_VARIABLE = YES;
				MACOSX_DEPLOYMENT_TARGET = 10.10;
				MTL_ENABLE_DEBUG_INFO = NO;
				SDKROOT = macosx;
			};
			name = Release;
		};
		EDD807121C8FF60100B1CA66 /* Debug */ = {
			isa = XCBuildConfiguration;
			buildSettings = {
				PRODUCT_NAME = "$(TARGET_NAME)";
			};
			name = Debug;
		};
		EDD807131C8FF60100B1CA66 /* Release */ = {
			isa = XCBuildConfiguration;
			buildSettings = {
				PRODUCT_NAME = "$(TARGET_NAME)";
			};
			name = Release;
		};
/* End XCBuildConfiguration section */

/* Begin XCConfigurationList section */
		EDD807051C8FF60100B1CA66 /* Build configuration list for PBXProject "march9" */ = {
			isa = XCConfigurationList;
			buildConfigurations = (
				EDD8070F1C8FF60100B1CA66 /* Debug */,
				EDD807101C8FF60100B1CA66 /* Release */,
			);
			defaultConfigurationIsVisible = 0;
			defaultConfigurationName = Release;
		};
		EDD807111C8FF60100B1CA66 /* Build configuration list for PBXNativeTarget "march9" */ = {
			isa = XCConfigurationList;
			buildConfigurations = (
				EDD807121C8FF60100B1CA66 /* Debug */,
				EDD807131C8FF60100B1CA66 /* Release */,
			);
			defaultConfigurationIsVisible = 0;
		};
/* End XCConfigurationList section */
	};
	rootObject = EDD807021C8FF60100B1CA66 /* Project object */;
}
