// !$*UTF8*$!
{
	archiveVersion = 1;
	classes = {
	};
	objectVersion = 46;
	objects = {

/* Begin PBXBuildFile section */
		ED189ED81C8F2B4F00A39777 /* main.cpp in Sources */ = {isa = PBXBuildFile; fileRef = ED189ED71C8F2B4F00A39777 /* main.cpp */; };
		ED189EE01C8F2B5B00A39777 /* virtualFunc.cpp in Sources */ = {isa = PBXBuildFile; fileRef = ED189EDE1C8F2B5B00A39777 /* virtualFunc.cpp */; };
/* End PBXBuildFile section */

/* Begin PBXCopyFilesBuildPhase section */
		ED189ED21C8F2B4F00A39777 /* CopyFiles */ = {
			isa = PBXCopyFilesBuildPhase;
			buildActionMask = 2147483647;
			dstPath = /usr/share/man/man1/;
			dstSubfolderSpec = 0;
			files = (
			);
			runOnlyForDeploymentPostprocessing = 1;
		};
/* End PBXCopyFilesBuildPhase section */

/* Begin PBXFileReference section */
		ED189ED41C8F2B4F00A39777 /* virtualFunction */ = {isa = PBXFileReference; explicitFileType = "compiled.mach-o.executable"; includeInIndex = 0; path = virtualFunction; sourceTree = BUILT_PRODUCTS_DIR; };
		ED189ED71C8F2B4F00A39777 /* main.cpp */ = {isa = PBXFileReference; lastKnownFileType = sourcecode.cpp.cpp; path = main.cpp; sourceTree = "<group>"; };
		ED189EDE1C8F2B5B00A39777 /* virtualFunc.cpp */ = {isa = PBXFileReference; fileEncoding = 4; lastKnownFileType = sourcecode.cpp.cpp; path = virtualFunc.cpp; sourceTree = "<group>"; };
		ED189EDF1C8F2B5B00A39777 /* virtualFunc.hpp */ = {isa = PBXFileReference; fileEncoding = 4; lastKnownFileType = sourcecode.cpp.h; path = virtualFunc.hpp; sourceTree = "<group>"; };
/* End PBXFileReference section */

/* Begin PBXFrameworksBuildPhase section */
		ED189ED11C8F2B4F00A39777 /* Frameworks */ = {
			isa = PBXFrameworksBuildPhase;
			buildActionMask = 2147483647;
			files = (
			);
			runOnlyForDeploymentPostprocessing = 0;
		};
/* End PBXFrameworksBuildPhase section */

/* Begin PBXGroup section */
		ED189ECB1C8F2B4F00A39777 = {
			isa = PBXGroup;
			children = (
				ED189ED61C8F2B4F00A39777 /* virtualFunction */,
				ED189ED51C8F2B4F00A39777 /* Products */,
			);
			sourceTree = "<group>";
		};
		ED189ED51C8F2B4F00A39777 /* Products */ = {
			isa = PBXGroup;
			children = (
				ED189ED41C8F2B4F00A39777 /* virtualFunction */,
			);
			name = Products;
			sourceTree = "<group>";
		};
		ED189ED61C8F2B4F00A39777 /* virtualFunction */ = {
			isa = PBXGroup;
			children = (
				ED189ED71C8F2B4F00A39777 /* main.cpp */,
				ED189EDE1C8F2B5B00A39777 /* virtualFunc.cpp */,
				ED189EDF1C8F2B5B00A39777 /* virtualFunc.hpp */,
			);
			path = virtualFunction;
			sourceTree = "<group>";
		};
/* End PBXGroup section */

/* Begin PBXNativeTarget section */
		ED189ED31C8F2B4F00A39777 /* virtualFunction */ = {
			isa = PBXNativeTarget;
			buildConfigurationList = ED189EDB1C8F2B4F00A39777 /* Build configuration list for PBXNativeTarget "virtualFunction" */;
			buildPhases = (
				ED189ED01C8F2B4F00A39777 /* Sources */,
				ED189ED11C8F2B4F00A39777 /* Frameworks */,
				ED189ED21C8F2B4F00A39777 /* CopyFiles */,
			);
			buildRules = (
			);
			dependencies = (
			);
			name = virtualFunction;
			productName = virtualFunction;
			productReference = ED189ED41C8F2B4F00A39777 /* virtualFunction */;
			productType = "com.apple.product-type.tool";
		};
/* End PBXNativeTarget section */

/* Begin PBXProject section */
		ED189ECC1C8F2B4F00A39777 /* Project object */ = {
			isa = PBXProject;
			attributes = {
				LastUpgradeCheck = 0710;
				ORGANIZATIONNAME = "陈 俊达";
				TargetAttributes = {
					ED189ED31C8F2B4F00A39777 = {
						CreatedOnToolsVersion = 7.1.1;
					};
				};
			};
			buildConfigurationList = ED189ECF1C8F2B4F00A39777 /* Build configuration list for PBXProject "virtualFunction" */;
			compatibilityVersion = "Xcode 3.2";
			developmentRegion = English;
			hasScannedForEncodings = 0;
			knownRegions = (
				en,
			);
			mainGroup = ED189ECB1C8F2B4F00A39777;
			productRefGroup = ED189ED51C8F2B4F00A39777 /* Products */;
			projectDirPath = "";
			projectRoot = "";
			targets = (
				ED189ED31C8F2B4F00A39777 /* virtualFunction */,
			);
		};
/* End PBXProject section */

/* Begin PBXSourcesBuildPhase section */
		ED189ED01C8F2B4F00A39777 /* Sources */ = {
			isa = PBXSourcesBuildPhase;
			buildActionMask = 2147483647;
			files = (
				ED189ED81C8F2B4F00A39777 /* main.cpp in Sources */,
				ED189EE01C8F2B5B00A39777 /* virtualFunc.cpp in Sources */,
			);
			runOnlyForDeploymentPostprocessing = 0;
		};
/* End PBXSourcesBuildPhase section */

/* Begin XCBuildConfiguration section */
		ED189ED91C8F2B4F00A39777 /* Debug */ = {
			isa = XCBuildConfiguration;
			buildSettings = {
				ALWAYS_SEARCH_USER_PATHS = NO;
				CLANG_CXX_LANGUAGE_STANDARD = "gnu++0x";
				CLANG_CXX_LIBRARY = "libc++";
				CLANG_ENABLE_MODULES = YES;
				CLANG_ENABLE_OBJC_ARC = YES;
				CLANG_WARN_BOOL_CONVERSION = YES;
				CLANG_WARN_CONSTANT_CONVERSION = YES;
				CLANG_WARN_DIRECT_OBJC_ISA_USAGE = YES_ERROR;
				CLANG_WARN_EMPTY_BODY = YES;
				CLANG_WARN_ENUM_CONVERSION = YES;
				CLANG_WARN_INT_CONVERSION = YES;
				CLANG_WARN_OBJC_ROOT_CLASS = YES_ERROR;
				CLANG_WARN_UNREACHABLE_CODE = YES;
				CLANG_WARN__DUPLICATE_METHOD_MATCH = YES;
				CODE_SIGN_IDENTITY = "-";
				COPY_PHASE_STRIP = NO;
				DEBUG_INFORMATION_FORMAT = dwarf;
				ENABLE_STRICT_OBJC_MSGSEND = YES;
				ENABLE_TESTABILITY = YES;
				GCC_C_LANGUAGE_STANDARD = gnu99;
				GCC_DYNAMIC_NO_PIC = NO;
				GCC_NO_COMMON_BLOCKS = YES;
				GCC_OPTIMIZATION_LEVEL = 0;
				GCC_PREPROCESSOR_DEFINITIONS = (
					"DEBUG=1",
					"$(inherited)",
				);
				GCC_WARN_64_TO_32_BIT_CONVERSION = YES;
				GCC_WARN_ABOUT_RETURN_TYPE = YES_ERROR;
				GCC_WARN_UNDECLARED_SELECTOR = YES;
				GCC_WARN_UNINITIALIZED_AUTOS = YES_AGGRESSIVE;
				GCC_WARN_UNUSED_FUNCTION = YES;
				GCC_WARN_UNUSED_VARIABLE = YES;
				MACOSX_DEPLOYMENT_TARGET = 10.10;
				MTL_ENABLE_DEBUG_INFO = YES;
				ONLY_ACTIVE_ARCH = YES;
				SDKROOT = macosx;
			};
			name = Debug;
		};
		ED189EDA1C8F2B4F00A39777 /* Release */ = {
			isa = XCBuildConfiguration;
			buildSettings = {
				ALWAYS_SEARCH_USER_PATHS = NO;
				CLANG_CXX_LANGUAGE_STANDARD = "gnu++0x";
				CLANG_CXX_LIBRARY = "libc++";
				CLANG_ENABLE_MODULES = YES;
				CLANG_ENABLE_OBJC_ARC = YES;
				CLANG_WARN_BOOL_CONVERSION = YES;
				CLANG_WARN_CONSTANT_CONVERSION = YES;
				CLANG_WARN_DIRECT_OBJC_ISA_USAGE = YES_ERROR;
				CLANG_WARN_EMPTY_BODY = YES;
				CLANG_WARN_ENUM_CONVERSION = YES;
				CLANG_WARN_INT_CONVERSION = YES;
				CLANG_WARN_OBJC_ROOT_CLASS = YES_ERROR;
				CLANG_WARN_UNREACHABLE_CODE = YES;
				CLANG_WARN__DUPLICATE_METHOD_MATCH = YES;
				CODE_SIGN_IDENTITY = "-";
				COPY_PHASE_STRIP = NO;
				DEBUG_INFORMATION_FORMAT = "dwarf-with-dsym";
				ENABLE_NS_ASSERTIONS = NO;
				ENABLE_STRICT_OBJC_MSGSEND = YES;
				GCC_C_LANGUAGE_STANDARD = gnu99;
				GCC_NO_COMMON_BLOCKS = YES;
				GCC_WARN_64_TO_32_BIT_CONVERSION = YES;
				GCC_WARN_ABOUT_RETURN_TYPE = YES_ERROR;
				GCC_WARN_UNDECLARED_SELECTOR = YES;
				GCC_WARN_UNINITIALIZED_AUTOS = YES_AGGRESSIVE;
				GCC_WARN_UNUSED_FUNCTION = YES;
				GCC_WARN_UNUSED_VARIABLE = YES;
				MACOSX_DEPLOYMENT_TARGET = 10.10;
				MTL_ENABLE_DEBUG_INFO = NO;
				SDKROOT = macosx;
			};
			name = Release;
		};
		ED189EDC1C8F2B4F00A39777 /* Debug */ = {
			isa = XCBuildConfiguration;
			buildSettings = {
				PRODUCT_NAME = "$(TARGET_NAME)";
			};
			name = Debug;
		};
		ED189EDD1C8F2B4F00A39777 /* Release */ = {
			isa = XCBuildConfiguration;
			buildSettings = {
				PRODUCT_NAME = "$(TARGET_NAME)";
			};
			name = Release;
		};
/* End XCBuildConfiguration section */

/* Begin XCConfigurationList section */
		ED189ECF1C8F2B4F00A39777 /* Build configuration list for PBXProject "virtualFunction" */ = {
			isa = XCConfigurationList;
			buildConfigurations = (
				ED189ED91C8F2B4F00A39777 /* Debug */,
				ED189EDA1C8F2B4F00A39777 /* Release */,
			);
			defaultConfigurationIsVisible = 0;
			defaultConfigurationName = Release;
		};
		ED189EDB1C8F2B4F00A39777 /* Build configuration list for PBXNativeTarget "virtualFunction" */ = {
			isa = XCConfigurationList;
			buildConfigurations = (
				ED189EDC1C8F2B4F00A39777 /* Debug */,
				ED189EDD1C8F2B4F00A39777 /* Release */,
			);
			defaultConfigurationIsVisible = 0;
		};
/* End XCConfigurationList section */
	};
	rootObject = ED189ECC1C8F2B4F00A39777 /* Project object */;
}
